{
  "version": 4,
  "terraform_version": "1.14.3",
  "serial": 12,
  "lineage": "3b826a7a-1738-bd85-b35a-67461ead5297",
  "outputs": {},
  "resources": [
    {
      "mode": "managed",
      "type": "aws_s3_bucket",
      "name": "new-bucket",
      "provider": "provider[\"registry.terraform.io/hashicorp/aws\"]",
      "instances": [
        {
          "schema_version": 0,
          "attributes": {
            "acceleration_status": "",
            "acl": null,
            "arn": "arn:aws:s3:::first-bucket-terraform-1",
            "bucket": "first-bucket-terraform-1",
            "bucket_domain_name": "first-bucket-terraform-1.s3.amazonaws.com",
            "bucket_prefix": "",
            "bucket_region": "us-east-1",
            "bucket_regional_domain_name": "first-bucket-terraform-1.s3.us-east-1.amazonaws.com",
            "cors_rule": [],
            "force_destroy": false,
            "grant": [
              {
                "id": "aa52e6821182abed6d7890243e46a7983aa5b2dce522341c766ace5b82ad7028",
                "permissions": [
                  "FULL_CONTROL"
                ],
                "type": "CanonicalUser",
                "uri": ""
              }
            ],
            "hosted_zone_id": "Z3AQBSTGFYJSTF",
            "id": "first-bucket-terraform-1",
            "lifecycle_rule": [],
            "logging": [],
            "object_lock_configuration": [],
            "object_lock_enabled": false,
            "policy": "",
            "region": "us-east-1",
            "replication_configuration": [],
            "request_payer": "BucketOwner",
            "server_side_encryption_configuration": [
              {
                "rule": [
                  {
                    "apply_server_side_encryption_by_default": [
                      {
                        "kms_master_key_id": "",
                        "sse_algorithm": "AES256"
                      }
                    ],
                    "bucket_key_enabled": false
                  }
                ]
              }
            ],
            "tags": null,
            "tags_all": {},
            "timeouts": null,
            "versioning": [
              {
                "enabled": false,
                "mfa_delete": false
              }
            ],
            "website": [],
            "website_domain": null,
            "website_endpoint": null
          },
          "sensitive_attributes": [],
          "identity_schema_version": 0,
          "identity": {
            "account_id": "851725386105",
            "bucket": "first-bucket-terraform-1",
            "region": "us-east-1"
          },
          "private": "eyJlMmJmYjczMC1lY2FhLTExZTYtOGY4OC0zNDM2M2JjN2M0YzAiOnsiY3JlYXRlIjoxMjAwMDAwMDAwMDAwLCJkZWxldGUiOjM2MDAwMDAwMDAwMDAsInJlYWQiOjEyMDAwMDAwMDAwMDAsInVwZGF0ZSI6MTIwMDAwMDAwMDAwMH19"
        }
      ]
    },
    {
      "mode": "managed",
      "type": "local_file",
      "name": "malti_file",
      "provider": "provider[\"registry.terraform.io/hashicorp/local\"]",
      "instances": [
        {
          "schema_version": 0,
          "attributes": {
            "content": "terraform is automated",
            "content_base64": null,
            "content_base64sha256": "+1Xc5acTf4XOP3P/+crHR+UDHTR+VtC2TnS3ActRycI=",
            "content_base64sha512": "FH2ul0YkuRR45E9+b62qPb+SKzGnTvPocWfUM4GCvmmNGpaU8D4tsy0Bn6lnEo5d9DKRqXoRw3pRyislkgiytw==",
            "content_md5": "a9da5f83a2d3b3c3347c0da4ef9471c4",
            "content_sha1": "daa7852d21918ad28e1966555b90b69c5577748f",
            "content_sha256": "fb55dce5a7137f85ce3f73fff9cac747e5031d347e56d0b64e74b701cb51c9c2",
            "content_sha512": "147dae974624b91478e44f7e6fadaa3dbf922b31a74ef3e87167d4338182be698d1a9694f03e2db32d019fa967128e5df43291a97a11c37a51ca2b259208b2b7",
            "directory_permission": "0777",
            "file_permission": "0777",
            "filename": "devops.txt",
            "id": "daa7852d21918ad28e1966555b90b69c5577748f",
            "sensitive_content": null,
            "source": null
          },
          "sensitive_attributes": [
            [
              {
                "type": "get_attr",
                "value": "sensitive_content"
              }
            ]
          ],
          "identity_schema_version": 0
        }
      ]
    }
  ],
  "check_results": null
}
